<?xml version="1.0" encoding="utf-8"?>
<Project ToolsVersion="4.0" xmlns="http://schemas.microsoft.com/developer/msbuild/2003">
  <ItemGroup>
    <ClCompile Include="src\asn1\ber\types.cpp" />
    <ClCompile Include="src\asn1\ber\pch.cpp" />
    <ClCompile Include="tst\decoding\decoder_test.cpp" />
    <ClCompile Include="tst\encoding\encoder_test.cpp" />
  </ItemGroup>
  <ItemGroup>
    <ClInclude Include="asn1\ber\decoder.h" />
    <ClInclude Include="inc\asn1\ber\types.h" />
    <ClInclude Include="inc\asn1\ber\pch.h" />
    <ClInclude Include="inc\asn1\ber\encoder\base.h" />
    <ClInclude Include="inc\asn1\ber\encoder\value.h" />
    <ClInclude Include="inc\asn1\ber\decoder\printer.h" />
    <ClInclude Include="inc\asn1\ber\encoder\field\base.h" />
    <ClInclude Include="inc\asn1\ber\encoder\field\length.h" />
    <ClInclude Include="inc\asn1\ber\encoder\field\tag.h" />
    <ClInclude Include="inc\asn1\ber\decoder\field\base.h" />
    <ClInclude Include="inc\asn1\ber\decoder\field\length.h" />
    <ClInclude Include="inc\asn1\ber\decoder\field\simple.h" />
    <ClInclude Include="inc\asn1\ber\decoder\field\tag.h" />
    <ClInclude Include="inc\asn1\ber\decoder\field\value.h" />
    <ClInclude Include="inc\asn1\ber\decoder\basic.h" />
    <ClInclude Include="inc\asn1\ber\decoder\engine.h" />
    <ClInclude Include="inc\asn1\ber\encoder\structure.h" />
  </ItemGroup>
</Project>